
Microsoft Visual Studio Solution File, Format Version 12.00
Project("{FAE04EC0-301F-11D3-BF4B-00C04F79EFBC}") = "2900. Longest Unequal Adjacent Groups Subsequence I", "2900. Longest Unequal Adjacent Groups Subsequence I \2900. Longest Unequal Adjacent Groups Subsequence I.csproj", "{F4FDFB01-5CEF-4EEA-9243-EC7FA3CF35C0}"
EndProject
Global
	GlobalSection(SolutionConfigurationPlatforms) = preSolution
		Debug|Any CPU = Debug|Any CPU
		Release|Any CPU = Release|Any CPU
	EndGlobalSection
	GlobalSection(ProjectConfigurationPlatforms) = postSolution
		{F4FDFB01-5CEF-4EEA-9243-EC7FA3CF35C0}.Debug|Any CPU.ActiveCfg = Debug|Any CPU
		{F4FDFB01-5CEF-4EEA-9243-EC7FA3CF35C0}.Debug|Any CPU.Build.0 = Debug|Any CPU
		{F4FDFB01-5CEF-4EEA-9243-EC7FA3CF35C0}.Release|Any CPU.ActiveCfg = Release|Any CPU
		{F4FDFB01-5CEF-4EEA-9243-EC7FA3CF35C0}.Release|Any CPU.Build.0 = Release|Any CPU
	EndGlobalSection
EndGlobal
